
Microsoft Visual Studio Solution File, Format Version 12.00
# Visual Studio 2012
Project("{FAE04EC0-301F-11D3-BF4B-00C04F79EFBC}") = "Florismart.Neverendingview.Droid", "Florismart.Neverendingview.Droid\Florismart.Neverendingview.Droid.csproj", "{DA0B69CC-5724-4080-89CE-D390657780D5}"
EndProject
Project("{FAE04EC0-301F-11D3-BF4B-00C04F79EFBC}") = "Florismart.Neverendingview.Droid.Sample", "Florismart.Neverendingview.Droid.Sample\Florismart.Neverendingview.Droid.Sample.csproj", "{D3E3172F-EE09-40E2-9C34-1737AED06572}"
EndProject
Global
	GlobalSection(SolutionConfigurationPlatforms) = preSolution
		Debug|Any CPU = Debug|Any CPU
		Release|Any CPU = Release|Any CPU
	EndGlobalSection
	GlobalSection(ProjectConfigurationPlatforms) = postSolution
		{D3E3172F-EE09-40E2-9C34-1737AED06572}.Debug|Any CPU.ActiveCfg = Debug|Any CPU
		{D3E3172F-EE09-40E2-9C34-1737AED06572}.Debug|Any CPU.Build.0 = Debug|Any CPU
		{D3E3172F-EE09-40E2-9C34-1737AED06572}.Release|Any CPU.ActiveCfg = Release|Any CPU
		{D3E3172F-EE09-40E2-9C34-1737AED06572}.Release|Any CPU.Build.0 = Release|Any CPU
		{DA0B69CC-5724-4080-89CE-D390657780D5}.Debug|Any CPU.ActiveCfg = Debug|Any CPU
		{DA0B69CC-5724-4080-89CE-D390657780D5}.Debug|Any CPU.Build.0 = Debug|Any CPU
		{DA0B69CC-5724-4080-89CE-D390657780D5}.Release|Any CPU.ActiveCfg = Release|Any CPU
		{DA0B69CC-5724-4080-89CE-D390657780D5}.Release|Any CPU.Build.0 = Release|Any CPU
	EndGlobalSection
EndGlobal
